
Microsoft Visual Studio Solution File, Format Version 12.00
# Visual Studio Version 16
VisualStudioVersion = 16.0.31105.61
MinimumVisualStudioVersion = 10.0.40219.1
Project("{9A19103F-16F7-4668-BE54-9A1E7A4F7556}") = "Napoli", "Napoli\Napoli.csproj", "{079469EA-80A2-4F2C-8A53-588215319496}"
EndProject
Project("{9A19103F-16F7-4668-BE54-9A1E7A4F7556}") = "Napoli.Entities", "Napoli.Entities\Napoli.Entities.csproj", "{55C7B8CF-74B5-4144-AAAA-E585836FDC6B}"
EndProject
Project("{9A19103F-16F7-4668-BE54-9A1E7A4F7556}") = "Napoli.Test", "Napoli.Test\Napoli.Test.csproj", "{5E6E866A-63E8-46C2-A1FF-D6F2D3DAAD23}"
EndProject
Project("{9A19103F-16F7-4668-BE54-9A1E7A4F7556}") = "Napoli.Application", "Napoli.Application\Napoli.Application.csproj", "{9F66A6AB-44BF-4ECE-8A64-F925AABD2451}"
EndProject
Project("{FAE04EC0-301F-11D3-BF4B-00C04F79EFBC}") = "Napoli.AcceptanceTest", "Napoli.AcceptanceTest\Napoli.AcceptanceTest.csproj", "{0A718F80-3D4D-4864-BE44-9FD74CEBB489}"
EndProject
Global
	GlobalSection(SolutionConfigurationPlatforms) = preSolution
		Debug|Any CPU = Debug|Any CPU
		Release|Any CPU = Release|Any CPU
	EndGlobalSection
	GlobalSection(ProjectConfigurationPlatforms) = postSolution
		{079469EA-80A2-4F2C-8A53-588215319496}.Debug|Any CPU.ActiveCfg = Debug|Any CPU
		{079469EA-80A2-4F2C-8A53-588215319496}.Debug|Any CPU.Build.0 = Debug|Any CPU
		{079469EA-80A2-4F2C-8A53-588215319496}.Release|Any CPU.ActiveCfg = Release|Any CPU
		{079469EA-80A2-4F2C-8A53-588215319496}.Release|Any CPU.Build.0 = Release|Any CPU
		{55C7B8CF-74B5-4144-AAAA-E585836FDC6B}.Debug|Any CPU.ActiveCfg = Debug|Any CPU
		{55C7B8CF-74B5-4144-AAAA-E585836FDC6B}.Debug|Any CPU.Build.0 = Debug|Any CPU
		{55C7B8CF-74B5-4144-AAAA-E585836FDC6B}.Release|Any CPU.ActiveCfg = Release|Any CPU
		{55C7B8CF-74B5-4144-AAAA-E585836FDC6B}.Release|Any CPU.Build.0 = Release|Any CPU
		{5E6E866A-63E8-46C2-A1FF-D6F2D3DAAD23}.Debug|Any CPU.ActiveCfg = Debug|Any CPU
		{5E6E866A-63E8-46C2-A1FF-D6F2D3DAAD23}.Debug|Any CPU.Build.0 = Debug|Any CPU
		{5E6E866A-63E8-46C2-A1FF-D6F2D3DAAD23}.Release|Any CPU.ActiveCfg = Release|Any CPU
		{5E6E866A-63E8-46C2-A1FF-D6F2D3DAAD23}.Release|Any CPU.Build.0 = Release|Any CPU
		{9F66A6AB-44BF-4ECE-8A64-F925AABD2451}.Debug|Any CPU.ActiveCfg = Debug|Any CPU
		{9F66A6AB-44BF-4ECE-8A64-F925AABD2451}.Debug|Any CPU.Build.0 = Debug|Any CPU
		{9F66A6AB-44BF-4ECE-8A64-F925AABD2451}.Release|Any CPU.ActiveCfg = Release|Any CPU
		{9F66A6AB-44BF-4ECE-8A64-F925AABD2451}.Release|Any CPU.Build.0 = Release|Any CPU
		{0A718F80-3D4D-4864-BE44-9FD74CEBB489}.Debug|Any CPU.ActiveCfg = Debug|Any CPU
		{0A718F80-3D4D-4864-BE44-9FD74CEBB489}.Debug|Any CPU.Build.0 = Debug|Any CPU
		{0A718F80-3D4D-4864-BE44-9FD74CEBB489}.Release|Any CPU.ActiveCfg = Release|Any CPU
		{0A718F80-3D4D-4864-BE44-9FD74CEBB489}.Release|Any CPU.Build.0 = Release|Any CPU
	EndGlobalSection
	GlobalSection(SolutionProperties) = preSolution
		HideSolutionNode = FALSE
	EndGlobalSection
	GlobalSection(ExtensibilityGlobals) = postSolution
		SolutionGuid = {6A39063E-0C7B-4FE8-9F86-847E0678BF17}
	EndGlobalSection
EndGlobal
